
Microsoft Visual Studio Solution File, Format Version 12.00
# Visual Studio Version 17
VisualStudioVersion = 17.13.35825.156 d17.13
MinimumVisualStudioVersion = 10.0.40219.1
Project("{8BC9CEB8-8B4A-11D0-8D11-00A0C91BC942}") = "K2_solutions", "K2_solutions\K2_solutions.vcxproj", "{4EC7C64D-9F4D-4431-A0D9-A4278008ED67}"
EndProject
Global
	GlobalSection(SolutionConfigurationPlatforms) = preSolution
		Debug|x64 = Debug|x64
		Debug|x86 = Debug|x86
		Release|x64 = Release|x64
		Release|x86 = Release|x86
	EndGlobalSection
	GlobalSection(ProjectConfigurationPlatforms) = postSolution
		{4EC7C64D-9F4D-4431-A0D9-A4278008ED67}.Debug|x64.ActiveCfg = Debug|x64
		{4EC7C64D-9F4D-4431-A0D9-A4278008ED67}.Debug|x64.Build.0 = Debug|x64
		{4EC7C64D-9F4D-4431-A0D9-A4278008ED67}.Debug|x86.ActiveCfg = Debug|Win32
		{4EC7C64D-9F4D-4431-A0D9-A4278008ED67}.Debug|x86.Build.0 = Debug|Win32
		{4EC7C64D-9F4D-4431-A0D9-A4278008ED67}.Release|x64.ActiveCfg = Release|x64
		{4EC7C64D-9F4D-4431-A0D9-A4278008ED67}.Release|x64.Build.0 = Release|x64
		{4EC7C64D-9F4D-4431-A0D9-A4278008ED67}.Release|x86.ActiveCfg = Release|Win32
		{4EC7C64D-9F4D-4431-A0D9-A4278008ED67}.Release|x86.Build.0 = Release|Win32
	EndGlobalSection
	GlobalSection(SolutionProperties) = preSolution
		HideSolutionNode = FALSE
	EndGlobalSection
	GlobalSection(ExtensibilityGlobals) = postSolution
		SolutionGuid = {D366E02B-9196-40DF-A575-DDADA9BA11FB}
	EndGlobalSection
EndGlobal
