
Microsoft Visual Studio Solution File, Format Version 12.00
# Visual Studio Version 17
VisualStudioVersion = 17.13.35825.156 d17.13
MinimumVisualStudioVersion = 10.0.40219.1
Project("{8BC9CEB8-8B4A-11D0-8D11-00A0C91BC942}") = "Week5", "Week5\Week5.vcxproj", "{68ABEF58-4BA7-4511-9A55-C7AD116D7712}"
EndProject
Global
	GlobalSection(SolutionConfigurationPlatforms) = preSolution
		Debug|x64 = Debug|x64
		Debug|x86 = Debug|x86
		Release|x64 = Release|x64
		Release|x86 = Release|x86
	EndGlobalSection
	GlobalSection(ProjectConfigurationPlatforms) = postSolution
		{68ABEF58-4BA7-4511-9A55-C7AD116D7712}.Debug|x64.ActiveCfg = Debug|x64
		{68ABEF58-4BA7-4511-9A55-C7AD116D7712}.Debug|x64.Build.0 = Debug|x64
		{68ABEF58-4BA7-4511-9A55-C7AD116D7712}.Debug|x86.ActiveCfg = Debug|Win32
		{68ABEF58-4BA7-4511-9A55-C7AD116D7712}.Debug|x86.Build.0 = Debug|Win32
		{68ABEF58-4BA7-4511-9A55-C7AD116D7712}.Release|x64.ActiveCfg = Release|x64
		{68ABEF58-4BA7-4511-9A55-C7AD116D7712}.Release|x64.Build.0 = Release|x64
		{68ABEF58-4BA7-4511-9A55-C7AD116D7712}.Release|x86.ActiveCfg = Release|Win32
		{68ABEF58-4BA7-4511-9A55-C7AD116D7712}.Release|x86.Build.0 = Release|Win32
	EndGlobalSection
	GlobalSection(SolutionProperties) = preSolution
		HideSolutionNode = FALSE
	EndGlobalSection
	GlobalSection(ExtensibilityGlobals) = postSolution
		SolutionGuid = {E79C946E-3598-44DE-AA6E-7AA251C06253}
	EndGlobalSection
EndGlobal
